
Microsoft Visual Studio Solution File, Format Version 12.00
Project("{FAE04EC0-301F-11D3-BF4B-00C04F79EFBC}") = "EventService.UnitTests", "EventService.UnitTests\EventService.UnitTests.csproj", "{23516BB8-9A1F-4678-AA68-F5859A056B7E}"
EndProject
Project("{FAE04EC0-301F-11D3-BF4B-00C04F79EFBC}") = "EventService.IntegrationTests", "EventService.IntegrationTests\EventService.IntegrationTests.csproj", "{52E88E15-674B-4074-A811-2587CDE5276F}"
EndProject
Project("{2150E333-8FDC-42A3-9474-1A3956D46DE8}") = "Tests", "Tests", "{D5501E0E-7B88-454E-A90C-58BC0E7D074D}"
EndProject
Project("{2150E333-8FDC-42A3-9474-1A3956D46DE8}") = "BookingService", "BookingService", "{33772858-85DE-4A6F-AE96-E88430AD0780}"
EndProject
Project("{2150E333-8FDC-42A3-9474-1A3956D46DE8}") = "UserService", "UserService", "{DA99DA03-F9EF-4470-B66B-9C809EE0D8A2}"
EndProject
Project("{2150E333-8FDC-42A3-9474-1A3956D46DE8}") = "EventService", "EventService", "{182997DE-3C43-4255-81EE-8A3959759867}"
EndProject
Project("{FAE04EC0-301F-11D3-BF4B-00C04F79EFBC}") = "Shared.Domain", "Shared.Domain\Shared.Domain.csproj", "{74EDD7A3-8953-4721-8500-763A8B1B6A23}"
EndProject
Project("{FAE04EC0-301F-11D3-BF4B-00C04F79EFBC}") = "UserService.Api", "UserService\UserService.Api\UserService.Api.csproj", "{22C33E0D-904A-4137-BB3C-D796D46DD33B}"
EndProject
Project("{FAE04EC0-301F-11D3-BF4B-00C04F79EFBC}") = "UserService.Application", "UserService\UserService.Application\UserService.Application.csproj", "{8CD35A96-CE1E-4A25-8F95-81CD3E677010}"
EndProject
Project("{FAE04EC0-301F-11D3-BF4B-00C04F79EFBC}") = "UserService.Domain", "UserService\UserService.Domain\UserService.Domain.csproj", "{67454ECE-5A81-410C-A1A8-4CD8ECA7D8F3}"
EndProject
Project("{FAE04EC0-301F-11D3-BF4B-00C04F79EFBC}") = "UserService.Infrastructure", "UserService\UserService.Infrastructure\UserService.Infrastructure.csproj", "{AF7FB311-D1BE-4543-8252-D990535C8E81}"
EndProject
Project("{FAE04EC0-301F-11D3-BF4B-00C04F79EFBC}") = "EventService.Api", "EventService\EventService.Api\EventService.Api.csproj", "{7A30629F-1A4E-44B3-9F97-A6942295B63F}"
EndProject
Project("{FAE04EC0-301F-11D3-BF4B-00C04F79EFBC}") = "EventService.Application", "EventService\EventService.Application\EventService.Application.csproj", "{4DABB4D5-296F-4914-8C45-0190D02FE5B5}"
EndProject
Project("{FAE04EC0-301F-11D3-BF4B-00C04F79EFBC}") = "EventService.Domain", "EventService\EventService.Domain\EventService.Domain.csproj", "{D982ADCF-1FC9-4115-A0B7-DCB0F63883E9}"
EndProject
Project("{FAE04EC0-301F-11D3-BF4B-00C04F79EFBC}") = "EventService.Infrastructure", "EventService\EventService.Infrastructure\EventService.Infrastructure.csproj", "{250772C2-AA6D-4A32-92BD-6AEC4ADF6AD3}"
EndProject
Project("{FAE04EC0-301F-11D3-BF4B-00C04F79EFBC}") = "BookingService.Api", "BookingService\BookingService.Api\BookingService.Api.csproj", "{620928F8-F986-4507-B2D5-3C2B2CEB764D}"
EndProject
Project("{FAE04EC0-301F-11D3-BF4B-00C04F79EFBC}") = "BookingService.Application", "BookingService\BookingService.Application\BookingService.Application.csproj", "{792E578B-1174-4FB7-9350-84A49F9E7DC3}"
EndProject
Project("{FAE04EC0-301F-11D3-BF4B-00C04F79EFBC}") = "BookingService.Domain", "BookingService\BookingService.Domain\BookingService.Domain.csproj", "{4895D216-9FC7-4DCA-A247-E937EC0CD1D8}"
EndProject
Project("{FAE04EC0-301F-11D3-BF4B-00C04F79EFBC}") = "BookingService.Infrastructure", "BookingService\BookingService.Infrastructure\BookingService.Infrastructure.csproj", "{F39F2E2E-EF55-4385-9472-7BBA811C82D3}"
EndProject
Project("{FAE04EC0-301F-11D3-BF4B-00C04F79EFBC}") = "Shared.Api", "Shared.Api\Shared.Api.csproj", "{31626036-B921-4B11-9C7B-ED3187751DC1}"
EndProject
Global
	GlobalSection(SolutionConfigurationPlatforms) = preSolution
		Debug|Any CPU = Debug|Any CPU
		Debug|x64 = Debug|x64
		Debug|x86 = Debug|x86
		Release|Any CPU = Release|Any CPU
		Release|x64 = Release|x64
		Release|x86 = Release|x86
	EndGlobalSection
	GlobalSection(ProjectConfigurationPlatforms) = postSolution
		{23516BB8-9A1F-4678-AA68-F5859A056B7E}.Debug|Any CPU.ActiveCfg = Debug|Any CPU
		{23516BB8-9A1F-4678-AA68-F5859A056B7E}.Debug|Any CPU.Build.0 = Debug|Any CPU
		{23516BB8-9A1F-4678-AA68-F5859A056B7E}.Debug|x64.ActiveCfg = Debug|Any CPU
		{23516BB8-9A1F-4678-AA68-F5859A056B7E}.Debug|x64.Build.0 = Debug|Any CPU
		{23516BB8-9A1F-4678-AA68-F5859A056B7E}.Debug|x86.ActiveCfg = Debug|Any CPU
		{23516BB8-9A1F-4678-AA68-F5859A056B7E}.Debug|x86.Build.0 = Debug|Any CPU
		{23516BB8-9A1F-4678-AA68-F5859A056B7E}.Release|Any CPU.ActiveCfg = Release|Any CPU
		{23516BB8-9A1F-4678-AA68-F5859A056B7E}.Release|Any CPU.Build.0 = Release|Any CPU
		{23516BB8-9A1F-4678-AA68-F5859A056B7E}.Release|x64.ActiveCfg = Release|Any CPU
		{23516BB8-9A1F-4678-AA68-F5859A056B7E}.Release|x64.Build.0 = Release|Any CPU
		{23516BB8-9A1F-4678-AA68-F5859A056B7E}.Release|x86.ActiveCfg = Release|Any CPU
		{23516BB8-9A1F-4678-AA68-F5859A056B7E}.Release|x86.Build.0 = Release|Any CPU
		{52E88E15-674B-4074-A811-2587CDE5276F}.Debug|Any CPU.ActiveCfg = Debug|Any CPU
		{52E88E15-674B-4074-A811-2587CDE5276F}.Debug|Any CPU.Build.0 = Debug|Any CPU
		{52E88E15-674B-4074-A811-2587CDE5276F}.Debug|x64.ActiveCfg = Debug|Any CPU
		{52E88E15-674B-4074-A811-2587CDE5276F}.Debug|x64.Build.0 = Debug|Any CPU
		{52E88E15-674B-4074-A811-2587CDE5276F}.Debug|x86.ActiveCfg = Debug|Any CPU
		{52E88E15-674B-4074-A811-2587CDE5276F}.Debug|x86.Build.0 = Debug|Any CPU
		{52E88E15-674B-4074-A811-2587CDE5276F}.Release|Any CPU.ActiveCfg = Release|Any CPU
		{52E88E15-674B-4074-A811-2587CDE5276F}.Release|Any CPU.Build.0 = Release|Any CPU
		{52E88E15-674B-4074-A811-2587CDE5276F}.Release|x64.ActiveCfg = Release|Any CPU
		{52E88E15-674B-4074-A811-2587CDE5276F}.Release|x64.Build.0 = Release|Any CPU
		{52E88E15-674B-4074-A811-2587CDE5276F}.Release|x86.ActiveCfg = Release|Any CPU
		{52E88E15-674B-4074-A811-2587CDE5276F}.Release|x86.Build.0 = Release|Any CPU
		{74EDD7A3-8953-4721-8500-763A8B1B6A23}.Debug|Any CPU.ActiveCfg = Debug|Any CPU
		{74EDD7A3-8953-4721-8500-763A8B1B6A23}.Debug|Any CPU.Build.0 = Debug|Any CPU
		{74EDD7A3-8953-4721-8500-763A8B1B6A23}.Debug|x64.ActiveCfg = Debug|Any CPU
		{74EDD7A3-8953-4721-8500-763A8B1B6A23}.Debug|x64.Build.0 = Debug|Any CPU
		{74EDD7A3-8953-4721-8500-763A8B1B6A23}.Debug|x86.ActiveCfg = Debug|Any CPU
		{74EDD7A3-8953-4721-8500-763A8B1B6A23}.Debug|x86.Build.0 = Debug|Any CPU
		{74EDD7A3-8953-4721-8500-763A8B1B6A23}.Release|Any CPU.ActiveCfg = Release|Any CPU
		{74EDD7A3-8953-4721-8500-763A8B1B6A23}.Release|Any CPU.Build.0 = Release|Any CPU
		{74EDD7A3-8953-4721-8500-763A8B1B6A23}.Release|x64.ActiveCfg = Release|Any CPU
		{74EDD7A3-8953-4721-8500-763A8B1B6A23}.Release|x64.Build.0 = Release|Any CPU
		{74EDD7A3-8953-4721-8500-763A8B1B6A23}.Release|x86.ActiveCfg = Release|Any CPU
		{74EDD7A3-8953-4721-8500-763A8B1B6A23}.Release|x86.Build.0 = Release|Any CPU
		{22C33E0D-904A-4137-BB3C-D796D46DD33B}.Debug|Any CPU.ActiveCfg = Debug|Any CPU
		{22C33E0D-904A-4137-BB3C-D796D46DD33B}.Debug|Any CPU.Build.0 = Debug|Any CPU
		{22C33E0D-904A-4137-BB3C-D796D46DD33B}.Debug|x64.ActiveCfg = Debug|Any CPU
		{22C33E0D-904A-4137-BB3C-D796D46DD33B}.Debug|x64.Build.0 = Debug|Any CPU
		{22C33E0D-904A-4137-BB3C-D796D46DD33B}.Debug|x86.ActiveCfg = Debug|Any CPU
		{22C33E0D-904A-4137-BB3C-D796D46DD33B}.Debug|x86.Build.0 = Debug|Any CPU
		{22C33E0D-904A-4137-BB3C-D796D46DD33B}.Release|Any CPU.ActiveCfg = Release|Any CPU
		{22C33E0D-904A-4137-BB3C-D796D46DD33B}.Release|Any CPU.Build.0 = Release|Any CPU
		{22C33E0D-904A-4137-BB3C-D796D46DD33B}.Release|x64.ActiveCfg = Release|Any CPU
		{22C33E0D-904A-4137-BB3C-D796D46DD33B}.Release|x64.Build.0 = Release|Any CPU
		{22C33E0D-904A-4137-BB3C-D796D46DD33B}.Release|x86.ActiveCfg = Release|Any CPU
		{22C33E0D-904A-4137-BB3C-D796D46DD33B}.Release|x86.Build.0 = Release|Any CPU
		{8CD35A96-CE1E-4A25-8F95-81CD3E677010}.Debug|Any CPU.ActiveCfg = Debug|Any CPU
		{8CD35A96-CE1E-4A25-8F95-81CD3E677010}.Debug|Any CPU.Build.0 = Debug|Any CPU
		{8CD35A96-CE1E-4A25-8F95-81CD3E677010}.Debug|x64.ActiveCfg = Debug|Any CPU
		{8CD35A96-CE1E-4A25-8F95-81CD3E677010}.Debug|x64.Build.0 = Debug|Any CPU
		{8CD35A96-CE1E-4A25-8F95-81CD3E677010}.Debug|x86.ActiveCfg = Debug|Any CPU
		{8CD35A96-CE1E-4A25-8F95-81CD3E677010}.Debug|x86.Build.0 = Debug|Any CPU
		{8CD35A96-CE1E-4A25-8F95-81CD3E677010}.Release|Any CPU.ActiveCfg = Release|Any CPU
		{8CD35A96-CE1E-4A25-8F95-81CD3E677010}.Release|Any CPU.Build.0 = Release|Any CPU
		{8CD35A96-CE1E-4A25-8F95-81CD3E677010}.Release|x64.ActiveCfg = Release|Any CPU
		{8CD35A96-CE1E-4A25-8F95-81CD3E677010}.Release|x64.Build.0 = Release|Any CPU
		{8CD35A96-CE1E-4A25-8F95-81CD3E677010}.Release|x86.ActiveCfg = Release|Any CPU
		{8CD35A96-CE1E-4A25-8F95-81CD3E677010}.Release|x86.Build.0 = Release|Any CPU
		{67454ECE-5A81-410C-A1A8-4CD8ECA7D8F3}.Debug|Any CPU.ActiveCfg = Debug|Any CPU
		{67454ECE-5A81-410C-A1A8-4CD8ECA7D8F3}.Debug|Any CPU.Build.0 = Debug|Any CPU
		{67454ECE-5A81-410C-A1A8-4CD8ECA7D8F3}.Debug|x64.ActiveCfg = Debug|Any CPU
		{67454ECE-5A81-410C-A1A8-4CD8ECA7D8F3}.Debug|x64.Build.0 = Debug|Any CPU
		{67454ECE-5A81-410C-A1A8-4CD8ECA7D8F3}.Debug|x86.ActiveCfg = Debug|Any CPU
		{67454ECE-5A81-410C-A1A8-4CD8ECA7D8F3}.Debug|x86.Build.0 = Debug|Any CPU
		{67454ECE-5A81-410C-A1A8-4CD8ECA7D8F3}.Release|Any CPU.ActiveCfg = Release|Any CPU
		{67454ECE-5A81-410C-A1A8-4CD8ECA7D8F3}.Release|Any CPU.Build.0 = Release|Any CPU
		{67454ECE-5A81-410C-A1A8-4CD8ECA7D8F3}.Release|x64.ActiveCfg = Release|Any CPU
		{67454ECE-5A81-410C-A1A8-4CD8ECA7D8F3}.Release|x64.Build.0 = Release|Any CPU
		{67454ECE-5A81-410C-A1A8-4CD8ECA7D8F3}.Release|x86.ActiveCfg = Release|Any CPU
		{67454ECE-5A81-410C-A1A8-4CD8ECA7D8F3}.Release|x86.Build.0 = Release|Any CPU
		{AF7FB311-D1BE-4543-8252-D990535C8E81}.Debug|Any CPU.ActiveCfg = Debug|Any CPU
		{AF7FB311-D1BE-4543-8252-D990535C8E81}.Debug|Any CPU.Build.0 = Debug|Any CPU
		{AF7FB311-D1BE-4543-8252-D990535C8E81}.Debug|x64.ActiveCfg = Debug|Any CPU
		{AF7FB311-D1BE-4543-8252-D990535C8E81}.Debug|x64.Build.0 = Debug|Any CPU
		{AF7FB311-D1BE-4543-8252-D990535C8E81}.Debug|x86.ActiveCfg = Debug|Any CPU
		{AF7FB311-D1BE-4543-8252-D990535C8E81}.Debug|x86.Build.0 = Debug|Any CPU
		{AF7FB311-D1BE-4543-8252-D990535C8E81}.Release|Any CPU.ActiveCfg = Release|Any CPU
		{AF7FB311-D1BE-4543-8252-D990535C8E81}.Release|Any CPU.Build.0 = Release|Any CPU
		{AF7FB311-D1BE-4543-8252-D990535C8E81}.Release|x64.ActiveCfg = Release|Any CPU
		{AF7FB311-D1BE-4543-8252-D990535C8E81}.Release|x64.Build.0 = Release|Any CPU
		{AF7FB311-D1BE-4543-8252-D990535C8E81}.Release|x86.ActiveCfg = Release|Any CPU
		{AF7FB311-D1BE-4543-8252-D990535C8E81}.Release|x86.Build.0 = Release|Any CPU
		{7A30629F-1A4E-44B3-9F97-A6942295B63F}.Debug|Any CPU.ActiveCfg = Debug|Any CPU
		{7A30629F-1A4E-44B3-9F97-A6942295B63F}.Debug|Any CPU.Build.0 = Debug|Any CPU
		{7A30629F-1A4E-44B3-9F97-A6942295B63F}.Debug|x64.ActiveCfg = Debug|Any CPU
		{7A30629F-1A4E-44B3-9F97-A6942295B63F}.Debug|x64.Build.0 = Debug|Any CPU
		{7A30629F-1A4E-44B3-9F97-A6942295B63F}.Debug|x86.ActiveCfg = Debug|Any CPU
		{7A30629F-1A4E-44B3-9F97-A6942295B63F}.Debug|x86.Build.0 = Debug|Any CPU
		{7A30629F-1A4E-44B3-9F97-A6942295B63F}.Release|Any CPU.ActiveCfg = Release|Any CPU
		{7A30629F-1A4E-44B3-9F97-A6942295B63F}.Release|Any CPU.Build.0 = Release|Any CPU
		{7A30629F-1A4E-44B3-9F97-A6942295B63F}.Release|x64.ActiveCfg = Release|Any CPU
		{7A30629F-1A4E-44B3-9F97-A6942295B63F}.Release|x64.Build.0 = Release|Any CPU
		{7A30629F-1A4E-44B3-9F97-A6942295B63F}.Release|x86.ActiveCfg = Release|Any CPU
		{7A30629F-1A4E-44B3-9F97-A6942295B63F}.Release|x86.Build.0 = Release|Any CPU
		{4DABB4D5-296F-4914-8C45-0190D02FE5B5}.Debug|Any CPU.ActiveCfg = Debug|Any CPU
		{4DABB4D5-296F-4914-8C45-0190D02FE5B5}.Debug|Any CPU.Build.0 = Debug|Any CPU
		{4DABB4D5-296F-4914-8C45-0190D02FE5B5}.Debug|x64.ActiveCfg = Debug|Any CPU
		{4DABB4D5-296F-4914-8C45-0190D02FE5B5}.Debug|x64.Build.0 = Debug|Any CPU
		{4DABB4D5-296F-4914-8C45-0190D02FE5B5}.Debug|x86.ActiveCfg = Debug|Any CPU
		{4DABB4D5-296F-4914-8C45-0190D02FE5B5}.Debug|x86.Build.0 = Debug|Any CPU
		{4DABB4D5-296F-4914-8C45-0190D02FE5B5}.Release|Any CPU.ActiveCfg = Release|Any CPU
		{4DABB4D5-296F-4914-8C45-0190D02FE5B5}.Release|Any CPU.Build.0 = Release|Any CPU
		{4DABB4D5-296F-4914-8C45-0190D02FE5B5}.Release|x64.ActiveCfg = Release|Any CPU
		{4DABB4D5-296F-4914-8C45-0190D02FE5B5}.Release|x64.Build.0 = Release|Any CPU
		{4DABB4D5-296F-4914-8C45-0190D02FE5B5}.Release|x86.ActiveCfg = Release|Any CPU
		{4DABB4D5-296F-4914-8C45-0190D02FE5B5}.Release|x86.Build.0 = Release|Any CPU
		{D982ADCF-1FC9-4115-A0B7-DCB0F63883E9}.Debug|Any CPU.ActiveCfg = Debug|Any CPU
		{D982ADCF-1FC9-4115-A0B7-DCB0F63883E9}.Debug|Any CPU.Build.0 = Debug|Any CPU
		{D982ADCF-1FC9-4115-A0B7-DCB0F63883E9}.Debug|x64.ActiveCfg = Debug|Any CPU
		{D982ADCF-1FC9-4115-A0B7-DCB0F63883E9}.Debug|x64.Build.0 = Debug|Any CPU
		{D982ADCF-1FC9-4115-A0B7-DCB0F63883E9}.Debug|x86.ActiveCfg = Debug|Any CPU
		{D982ADCF-1FC9-4115-A0B7-DCB0F63883E9}.Debug|x86.Build.0 = Debug|Any CPU
		{D982ADCF-1FC9-4115-A0B7-DCB0F63883E9}.Release|Any CPU.ActiveCfg = Release|Any CPU
		{D982ADCF-1FC9-4115-A0B7-DCB0F63883E9}.Release|Any CPU.Build.0 = Release|Any CPU
		{D982ADCF-1FC9-4115-A0B7-DCB0F63883E9}.Release|x64.ActiveCfg = Release|Any CPU
		{D982ADCF-1FC9-4115-A0B7-DCB0F63883E9}.Release|x64.Build.0 = Release|Any CPU
		{D982ADCF-1FC9-4115-A0B7-DCB0F63883E9}.Release|x86.ActiveCfg = Release|Any CPU
		{D982ADCF-1FC9-4115-A0B7-DCB0F63883E9}.Release|x86.Build.0 = Release|Any CPU
		{250772C2-AA6D-4A32-92BD-6AEC4ADF6AD3}.Debug|Any CPU.ActiveCfg = Debug|Any CPU
		{250772C2-AA6D-4A32-92BD-6AEC4ADF6AD3}.Debug|Any CPU.Build.0 = Debug|Any CPU
		{250772C2-AA6D-4A32-92BD-6AEC4ADF6AD3}.Debug|x64.ActiveCfg = Debug|Any CPU
		{250772C2-AA6D-4A32-92BD-6AEC4ADF6AD3}.Debug|x64.Build.0 = Debug|Any CPU
		{250772C2-AA6D-4A32-92BD-6AEC4ADF6AD3}.Debug|x86.ActiveCfg = Debug|Any CPU
		{250772C2-AA6D-4A32-92BD-6AEC4ADF6AD3}.Debug|x86.Build.0 = Debug|Any CPU
		{250772C2-AA6D-4A32-92BD-6AEC4ADF6AD3}.Release|Any CPU.ActiveCfg = Release|Any CPU
		{250772C2-AA6D-4A32-92BD-6AEC4ADF6AD3}.Release|Any CPU.Build.0 = Release|Any CPU
		{250772C2-AA6D-4A32-92BD-6AEC4ADF6AD3}.Release|x64.ActiveCfg = Release|Any CPU
		{250772C2-AA6D-4A32-92BD-6AEC4ADF6AD3}.Release|x64.Build.0 = Release|Any CPU
		{250772C2-AA6D-4A32-92BD-6AEC4ADF6AD3}.Release|x86.ActiveCfg = Release|Any CPU
		{250772C2-AA6D-4A32-92BD-6AEC4ADF6AD3}.Release|x86.Build.0 = Release|Any CPU
		{620928F8-F986-4507-B2D5-3C2B2CEB764D}.Debug|Any CPU.ActiveCfg = Debug|Any CPU
		{620928F8-F986-4507-B2D5-3C2B2CEB764D}.Debug|Any CPU.Build.0 = Debug|Any CPU
		{620928F8-F986-4507-B2D5-3C2B2CEB764D}.Debug|x64.ActiveCfg = Debug|Any CPU
		{620928F8-F986-4507-B2D5-3C2B2CEB764D}.Debug|x64.Build.0 = Debug|Any CPU
		{620928F8-F986-4507-B2D5-3C2B2CEB764D}.Debug|x86.ActiveCfg = Debug|Any CPU
		{620928F8-F986-4507-B2D5-3C2B2CEB764D}.Debug|x86.Build.0 = Debug|Any CPU
		{620928F8-F986-4507-B2D5-3C2B2CEB764D}.Release|Any CPU.ActiveCfg = Release|Any CPU
		{620928F8-F986-4507-B2D5-3C2B2CEB764D}.Release|Any CPU.Build.0 = Release|Any CPU
		{620928F8-F986-4507-B2D5-3C2B2CEB764D}.Release|x64.ActiveCfg = Release|Any CPU
		{620928F8-F986-4507-B2D5-3C2B2CEB764D}.Release|x64.Build.0 = Release|Any CPU
		{620928F8-F986-4507-B2D5-3C2B2CEB764D}.Release|x86.ActiveCfg = Release|Any CPU
		{620928F8-F986-4507-B2D5-3C2B2CEB764D}.Release|x86.Build.0 = Release|Any CPU
		{792E578B-1174-4FB7-9350-84A49F9E7DC3}.Debug|Any CPU.ActiveCfg = Debug|Any CPU
		{792E578B-1174-4FB7-9350-84A49F9E7DC3}.Debug|Any CPU.Build.0 = Debug|Any CPU
		{792E578B-1174-4FB7-9350-84A49F9E7DC3}.Debug|x64.ActiveCfg = Debug|Any CPU
		{792E578B-1174-4FB7-9350-84A49F9E7DC3}.Debug|x64.Build.0 = Debug|Any CPU
		{792E578B-1174-4FB7-9350-84A49F9E7DC3}.Debug|x86.ActiveCfg = Debug|Any CPU
		{792E578B-1174-4FB7-9350-84A49F9E7DC3}.Debug|x86.Build.0 = Debug|Any CPU
		{792E578B-1174-4FB7-9350-84A49F9E7DC3}.Release|Any CPU.ActiveCfg = Release|Any CPU
		{792E578B-1174-4FB7-9350-84A49F9E7DC3}.Release|Any CPU.Build.0 = Release|Any CPU
		{792E578B-1174-4FB7-9350-84A49F9E7DC3}.Release|x64.ActiveCfg = Release|Any CPU
		{792E578B-1174-4FB7-9350-84A49F9E7DC3}.Release|x64.Build.0 = Release|Any CPU
		{792E578B-1174-4FB7-9350-84A49F9E7DC3}.Release|x86.ActiveCfg = Release|Any CPU
		{792E578B-1174-4FB7-9350-84A49F9E7DC3}.Release|x86.Build.0 = Release|Any CPU
		{4895D216-9FC7-4DCA-A247-E937EC0CD1D8}.Debug|Any CPU.ActiveCfg = Debug|Any CPU
		{4895D216-9FC7-4DCA-A247-E937EC0CD1D8}.Debug|Any CPU.Build.0 = Debug|Any CPU
		{4895D216-9FC7-4DCA-A247-E937EC0CD1D8}.Debug|x64.ActiveCfg = Debug|Any CPU
		{4895D216-9FC7-4DCA-A247-E937EC0CD1D8}.Debug|x64.Build.0 = Debug|Any CPU
		{4895D216-9FC7-4DCA-A247-E937EC0CD1D8}.Debug|x86.ActiveCfg = Debug|Any CPU
		{4895D216-9FC7-4DCA-A247-E937EC0CD1D8}.Debug|x86.Build.0 = Debug|Any CPU
		{4895D216-9FC7-4DCA-A247-E937EC0CD1D8}.Release|Any CPU.ActiveCfg = Release|Any CPU
		{4895D216-9FC7-4DCA-A247-E937EC0CD1D8}.Release|Any CPU.Build.0 = Release|Any CPU
		{4895D216-9FC7-4DCA-A247-E937EC0CD1D8}.Release|x64.ActiveCfg = Release|Any CPU
		{4895D216-9FC7-4DCA-A247-E937EC0CD1D8}.Release|x64.Build.0 = Release|Any CPU
		{4895D216-9FC7-4DCA-A247-E937EC0CD1D8}.Release|x86.ActiveCfg = Release|Any CPU
		{4895D216-9FC7-4DCA-A247-E937EC0CD1D8}.Release|x86.Build.0 = Release|Any CPU
		{F39F2E2E-EF55-4385-9472-7BBA811C82D3}.Debug|Any CPU.ActiveCfg = Debug|Any CPU
		{F39F2E2E-EF55-4385-9472-7BBA811C82D3}.Debug|Any CPU.Build.0 = Debug|Any CPU
		{F39F2E2E-EF55-4385-9472-7BBA811C82D3}.Debug|x64.ActiveCfg = Debug|Any CPU
		{F39F2E2E-EF55-4385-9472-7BBA811C82D3}.Debug|x64.Build.0 = Debug|Any CPU
		{F39F2E2E-EF55-4385-9472-7BBA811C82D3}.Debug|x86.ActiveCfg = Debug|Any CPU
		{F39F2E2E-EF55-4385-9472-7BBA811C82D3}.Debug|x86.Build.0 = Debug|Any CPU
		{F39F2E2E-EF55-4385-9472-7BBA811C82D3}.Release|Any CPU.ActiveCfg = Release|Any CPU
		{F39F2E2E-EF55-4385-9472-7BBA811C82D3}.Release|Any CPU.Build.0 = Release|Any CPU
		{F39F2E2E-EF55-4385-9472-7BBA811C82D3}.Release|x64.ActiveCfg = Release|Any CPU
		{F39F2E2E-EF55-4385-9472-7BBA811C82D3}.Release|x64.Build.0 = Release|Any CPU
		{F39F2E2E-EF55-4385-9472-7BBA811C82D3}.Release|x86.ActiveCfg = Release|Any CPU
		{F39F2E2E-EF55-4385-9472-7BBA811C82D3}.Release|x86.Build.0 = Release|Any CPU
		{31626036-B921-4B11-9C7B-ED3187751DC1}.Debug|Any CPU.ActiveCfg = Debug|Any CPU
		{31626036-B921-4B11-9C7B-ED3187751DC1}.Debug|Any CPU.Build.0 = Debug|Any CPU
		{31626036-B921-4B11-9C7B-ED3187751DC1}.Debug|x64.ActiveCfg = Debug|Any CPU
		{31626036-B921-4B11-9C7B-ED3187751DC1}.Debug|x64.Build.0 = Debug|Any CPU
		{31626036-B921-4B11-9C7B-ED3187751DC1}.Debug|x86.ActiveCfg = Debug|Any CPU
		{31626036-B921-4B11-9C7B-ED3187751DC1}.Debug|x86.Build.0 = Debug|Any CPU
		{31626036-B921-4B11-9C7B-ED3187751DC1}.Release|Any CPU.ActiveCfg = Release|Any CPU
		{31626036-B921-4B11-9C7B-ED3187751DC1}.Release|Any CPU.Build.0 = Release|Any CPU
		{31626036-B921-4B11-9C7B-ED3187751DC1}.Release|x64.ActiveCfg = Release|Any CPU
		{31626036-B921-4B11-9C7B-ED3187751DC1}.Release|x64.Build.0 = Release|Any CPU
		{31626036-B921-4B11-9C7B-ED3187751DC1}.Release|x86.ActiveCfg = Release|Any CPU
		{31626036-B921-4B11-9C7B-ED3187751DC1}.Release|x86.Build.0 = Release|Any CPU
	EndGlobalSection
	GlobalSection(SolutionProperties) = preSolution
		HideSolutionNode = FALSE
	EndGlobalSection
	GlobalSection(NestedProjects) = preSolution
		{23516BB8-9A1F-4678-AA68-F5859A056B7E} = {D5501E0E-7B88-454E-A90C-58BC0E7D074D}
		{52E88E15-674B-4074-A811-2587CDE5276F} = {D5501E0E-7B88-454E-A90C-58BC0E7D074D}
		{22C33E0D-904A-4137-BB3C-D796D46DD33B} = {DA99DA03-F9EF-4470-B66B-9C809EE0D8A2}
		{8CD35A96-CE1E-4A25-8F95-81CD3E677010} = {DA99DA03-F9EF-4470-B66B-9C809EE0D8A2}
		{67454ECE-5A81-410C-A1A8-4CD8ECA7D8F3} = {DA99DA03-F9EF-4470-B66B-9C809EE0D8A2}
		{AF7FB311-D1BE-4543-8252-D990535C8E81} = {DA99DA03-F9EF-4470-B66B-9C809EE0D8A2}
		{7A30629F-1A4E-44B3-9F97-A6942295B63F} = {182997DE-3C43-4255-81EE-8A3959759867}
		{4DABB4D5-296F-4914-8C45-0190D02FE5B5} = {182997DE-3C43-4255-81EE-8A3959759867}
		{D982ADCF-1FC9-4115-A0B7-DCB0F63883E9} = {182997DE-3C43-4255-81EE-8A3959759867}
		{250772C2-AA6D-4A32-92BD-6AEC4ADF6AD3} = {182997DE-3C43-4255-81EE-8A3959759867}
		{620928F8-F986-4507-B2D5-3C2B2CEB764D} = {33772858-85DE-4A6F-AE96-E88430AD0780}
		{792E578B-1174-4FB7-9350-84A49F9E7DC3} = {33772858-85DE-4A6F-AE96-E88430AD0780}
		{4895D216-9FC7-4DCA-A247-E937EC0CD1D8} = {33772858-85DE-4A6F-AE96-E88430AD0780}
		{F39F2E2E-EF55-4385-9472-7BBA811C82D3} = {33772858-85DE-4A6F-AE96-E88430AD0780}
	EndGlobalSection
EndGlobal
