
Microsoft Visual Studio Solution File, Format Version 12.00
Project("{FAE04EC0-301F-11D3-BF4B-00C04F79EFBC}") = "EventService.Api", "EventService.Api\EventService.Api.csproj", "{19E4A3C2-48C5-48A0-8DF5-151BCBA065C1}"
EndProject
Project("{FAE04EC0-301F-11D3-BF4B-00C04F79EFBC}") = "EventService.UnitTests", "EventService.UnitTests\EventService.UnitTests.csproj", "{23516BB8-9A1F-4678-AA68-F5859A056B7E}"
EndProject
Project("{FAE04EC0-301F-11D3-BF4B-00C04F79EFBC}") = "EventService.IntegrationTests", "EventService.IntegrationTests\EventService.IntegrationTests.csproj", "{52E88E15-674B-4074-A811-2587CDE5276F}"
EndProject
Project("{FAE04EC0-301F-11D3-BF4B-00C04F79EFBC}") = "EventService.Domain", "EventService.Domain\EventService.Domain.csproj", "{9972524F-9C04-4C1D-94EB-03E880EA3A7E}"
EndProject
Project("{FAE04EC0-301F-11D3-BF4B-00C04F79EFBC}") = "EventService.Application", "EventService.Application\EventService.Application.csproj", "{E52E2B98-E27B-4C23-B0F4-51D3603BCF14}"
EndProject
Project("{FAE04EC0-301F-11D3-BF4B-00C04F79EFBC}") = "EventService.Infrastructure", "EventService.Infrastructure\EventService.Infrastructure.csproj", "{ABA3A190-C0F4-4291-8C8A-FCB36B51F7B2}"
EndProject
Project("{2150E333-8FDC-42A3-9474-1A3956D46DE8}") = "Tests", "Tests", "{D5501E0E-7B88-454E-A90C-58BC0E7D074D}"
EndProject
Global
	GlobalSection(SolutionConfigurationPlatforms) = preSolution
		Debug|Any CPU = Debug|Any CPU
		Release|Any CPU = Release|Any CPU
	EndGlobalSection
	GlobalSection(ProjectConfigurationPlatforms) = postSolution
		{19E4A3C2-48C5-48A0-8DF5-151BCBA065C1}.Debug|Any CPU.ActiveCfg = Debug|Any CPU
		{19E4A3C2-48C5-48A0-8DF5-151BCBA065C1}.Debug|Any CPU.Build.0 = Debug|Any CPU
		{19E4A3C2-48C5-48A0-8DF5-151BCBA065C1}.Release|Any CPU.ActiveCfg = Release|Any CPU
		{19E4A3C2-48C5-48A0-8DF5-151BCBA065C1}.Release|Any CPU.Build.0 = Release|Any CPU
		{23516BB8-9A1F-4678-AA68-F5859A056B7E}.Debug|Any CPU.ActiveCfg = Debug|Any CPU
		{23516BB8-9A1F-4678-AA68-F5859A056B7E}.Debug|Any CPU.Build.0 = Debug|Any CPU
		{23516BB8-9A1F-4678-AA68-F5859A056B7E}.Release|Any CPU.ActiveCfg = Release|Any CPU
		{23516BB8-9A1F-4678-AA68-F5859A056B7E}.Release|Any CPU.Build.0 = Release|Any CPU
		{52E88E15-674B-4074-A811-2587CDE5276F}.Debug|Any CPU.ActiveCfg = Debug|Any CPU
		{52E88E15-674B-4074-A811-2587CDE5276F}.Debug|Any CPU.Build.0 = Debug|Any CPU
		{52E88E15-674B-4074-A811-2587CDE5276F}.Release|Any CPU.ActiveCfg = Release|Any CPU
		{52E88E15-674B-4074-A811-2587CDE5276F}.Release|Any CPU.Build.0 = Release|Any CPU
		{9972524F-9C04-4C1D-94EB-03E880EA3A7E}.Debug|Any CPU.ActiveCfg = Debug|Any CPU
		{9972524F-9C04-4C1D-94EB-03E880EA3A7E}.Debug|Any CPU.Build.0 = Debug|Any CPU
		{9972524F-9C04-4C1D-94EB-03E880EA3A7E}.Release|Any CPU.ActiveCfg = Release|Any CPU
		{9972524F-9C04-4C1D-94EB-03E880EA3A7E}.Release|Any CPU.Build.0 = Release|Any CPU
		{E52E2B98-E27B-4C23-B0F4-51D3603BCF14}.Debug|Any CPU.ActiveCfg = Debug|Any CPU
		{E52E2B98-E27B-4C23-B0F4-51D3603BCF14}.Debug|Any CPU.Build.0 = Debug|Any CPU
		{E52E2B98-E27B-4C23-B0F4-51D3603BCF14}.Release|Any CPU.ActiveCfg = Release|Any CPU
		{E52E2B98-E27B-4C23-B0F4-51D3603BCF14}.Release|Any CPU.Build.0 = Release|Any CPU
		{ABA3A190-C0F4-4291-8C8A-FCB36B51F7B2}.Debug|Any CPU.ActiveCfg = Debug|Any CPU
		{ABA3A190-C0F4-4291-8C8A-FCB36B51F7B2}.Debug|Any CPU.Build.0 = Debug|Any CPU
		{ABA3A190-C0F4-4291-8C8A-FCB36B51F7B2}.Release|Any CPU.ActiveCfg = Release|Any CPU
		{ABA3A190-C0F4-4291-8C8A-FCB36B51F7B2}.Release|Any CPU.Build.0 = Release|Any CPU
	EndGlobalSection
	GlobalSection(NestedProjects) = preSolution
		{52E88E15-674B-4074-A811-2587CDE5276F} = {D5501E0E-7B88-454E-A90C-58BC0E7D074D}
		{23516BB8-9A1F-4678-AA68-F5859A056B7E} = {D5501E0E-7B88-454E-A90C-58BC0E7D074D}
	EndGlobalSection
EndGlobal
