
Microsoft Visual Studio Solution File, Format Version 12.00
Project("{FAE04EC0-301F-11D3-BF4B-00C04F79EFBC}") = "MicroserviceCource", "MicroserviceCource\MicroserviceCource.csproj", "{BD3D38E9-AB99-48F3-9072-4024C16301F3}"
EndProject
Global
	GlobalSection(SolutionConfigurationPlatforms) = preSolution
		Debug|Any CPU = Debug|Any CPU
		Release|Any CPU = Release|Any CPU
	EndGlobalSection
	GlobalSection(ProjectConfigurationPlatforms) = postSolution
		{BD3D38E9-AB99-48F3-9072-4024C16301F3}.Debug|Any CPU.ActiveCfg = Debug|Any CPU
		{BD3D38E9-AB99-48F3-9072-4024C16301F3}.Debug|Any CPU.Build.0 = Debug|Any CPU
		{BD3D38E9-AB99-48F3-9072-4024C16301F3}.Release|Any CPU.ActiveCfg = Release|Any CPU
		{BD3D38E9-AB99-48F3-9072-4024C16301F3}.Release|Any CPU.Build.0 = Release|Any CPU
	EndGlobalSection
EndGlobal
